// !$*UTF8*$!
{
	archiveVersion = 1;
	classes = {
	};
	objectVersion = 50;
	objects = {

/* Begin PBXBuildFile section */
		6C05AB1623FB5D8D00C4183C /* AppDelegate.swift in Sources */ = {isa = PBXBuildFile; fileRef = 6C05AB1523FB5D8D00C4183C /* AppDelegate.swift */; };
		6C05AB1823FB5D8D00C4183C /* SceneDelegate.swift in Sources */ = {isa = PBXBuildFile; fileRef = 6C05AB1723FB5D8D00C4183C /* SceneDelegate.swift */; };
		6C05AB1A23FB5D8D00C4183C /* ViewController.swift in Sources */ = {isa = PBXBuildFile; fileRef = 6C05AB1923FB5D8D00C4183C /* ViewController.swift */; };
		6C05AB1D23FB5D8D00C4183C /* Main.storyboard in Resources */ = {isa = PBXBuildFile; fileRef = 6C05AB1B23FB5D8D00C4183C /* Main.storyboard */; };
		6C05AB1F23FB5D8F00C4183C /* Assets.xcassets in Resources */ = {isa = PBXBuildFile; fileRef = 6C05AB1E23FB5D8F00C4183C /* Assets.xcassets */; };
		6C05AB2223FB5D8F00C4183C /* LaunchScreen.storyboard in Resources */ = {isa = PBXBuildFile; fileRef = 6C05AB2023FB5D8F00C4183C /* LaunchScreen.storyboard */; };
		C09309D4734FFDEF00A027B8 /* Pods_ModernMusicDemo.framework in Frameworks */ = {isa = PBXBuildFile; fileRef = 808014605C1C801F6CC70083 /* Pods_ModernMusicDemo.framework */; };
/* End PBXBuildFile section */

/* Begin PBXFileReference section */
		35D360A1D08F2D00A050BCC5 /* Pods-ModernMusicDemo.release.xcconfig */ = {isa = PBXFileReference; includeInIndex = 1; lastKnownFileType = text.xcconfig; name = "Pods-ModernMusicDemo.release.xcconfig"; path = "Target Support Files/Pods-ModernMusicDemo/Pods-ModernMusicDemo.release.xcconfig"; sourceTree = "<group>"; };
		6C05AB1223FB5D8D00C4183C /* ModernMusicDemo.app */ = {isa = PBXFileReference; explicitFileType = wrapper.application; includeInIndex = 0; path = ModernMusicDemo.app; sourceTree = BUILT_PRODUCTS_DIR; };
		6C05AB1523FB5D8D00C4183C /* AppDelegate.swift */ = {isa = PBXFileReference; lastKnownFileType = sourcecode.swift; path = AppDelegate.swift; sourceTree = "<group>"; };
		6C05AB1723FB5D8D00C4183C /* SceneDelegate.swift */ = {isa = PBXFileReference; lastKnownFileType = sourcecode.swift; path = SceneDelegate.swift; sourceTree = "<group>"; };
		6C05AB1923FB5D8D00C4183C /* ViewController.swift */ = {isa = PBXFileReference; lastKnownFileType = sourcecode.swift; path = ViewController.swift; sourceTree = "<group>"; };
		6C05AB1C23FB5D8D00C4183C /* Base */ = {isa = PBXFileReference; lastKnownFileType = file.storyboard; name = Base; path = Base.lproj/Main.storyboard; sourceTree = "<group>"; };
		6C05AB1E23FB5D8F00C4183C /* Assets.xcassets */ = {isa = PBXFileReference; lastKnownFileType = folder.assetcatalog; path = Assets.xcassets; sourceTree = "<group>"; };
		6C05AB2123FB5D8F00C4183C /* Base */ = {isa = PBXFileReference; lastKnownFileType = file.storyboard; name = Base; path = Base.lproj/LaunchScreen.storyboard; sourceTree = "<group>"; };
		6C05AB2323FB5D8F00C4183C /* Info.plist */ = {isa = PBXFileReference; lastKnownFileType = text.plist.xml; path = Info.plist; sourceTree = "<group>"; };
		7ABE52C1E280EE4E6B62F363 /* Pods-ModernMusicDemo.debug.xcconfig */ = {isa = PBXFileReference; includeInIndex = 1; lastKnownFileType = text.xcconfig; name = "Pods-ModernMusicDemo.debug.xcconfig"; path = "Target Support Files/Pods-ModernMusicDemo/Pods-ModernMusicDemo.debug.xcconfig"; sourceTree = "<group>"; };
		808014605C1C801F6CC70083 /* Pods_ModernMusicDemo.framework */ = {isa = PBXFileReference; explicitFileType = wrapper.framework; includeInIndex = 0; path = Pods_ModernMusicDemo.framework; sourceTree = BUILT_PRODUCTS_DIR; };
/* End PBXFileReference section */

/* Begin PBXFrameworksBuildPhase section */
		6C05AB0F23FB5D8D00C4183C /* Frameworks */ = {
			isa = PBXFrameworksBuildPhase;
			buildActionMask = 2147483647;
			files = (
				C09309D4734FFDEF00A027B8 /* Pods_ModernMusicDemo.framework in Frameworks */,
			);
			runOnlyForDeploymentPostprocessing = 0;
		};
/* End PBXFrameworksBuildPhase section */

/* Begin PBXGroup section */
		37FCF3770F7C59DBD6BC9259 /* Pods */ = {
			isa = PBXGroup;
			children = (
				7ABE52C1E280EE4E6B62F363 /* Pods-ModernMusicDemo.debug.xcconfig */,
				35D360A1D08F2D00A050BCC5 /* Pods-ModernMusicDemo.release.xcconfig */,
			);
			name = Pods;
			path = Pods;
			sourceTree = "<group>";
		};
		5A1F768256A9A971D4176AD4 /* Frameworks */ = {
			isa = PBXGroup;
			children = (
				808014605C1C801F6CC70083 /* Pods_ModernMusicDemo.framework */,
			);
			name = Frameworks;
			sourceTree = "<group>";
		};
		6C05AB0923FB5D8D00C4183C = {
			isa = PBXGroup;
			children = (
				6C05AB1423FB5D8D00C4183C /* ModernMusicDemo */,
				6C05AB1323FB5D8D00C4183C /* Products */,
				37FCF3770F7C59DBD6BC9259 /* Pods */,
				5A1F768256A9A971D4176AD4 /* Frameworks */,
			);
			sourceTree = "<group>";
		};
		6C05AB1323FB5D8D00C4183C /* Products */ = {
			isa = PBXGroup;
			children = (
				6C05AB1223FB5D8D00C4183C /* ModernMusicDemo.app */,
			);
			name = Products;
			sourceTree = "<group>";
		};
		6C05AB1423FB5D8D00C4183C /* ModernMusicDemo */ = {
			isa = PBXGroup;
			children = (
				6C05AB1523FB5D8D00C4183C /* AppDelegate.swift */,
				6C05AB1723FB5D8D00C4183C /* SceneDelegate.swift */,
				6C05AB1923FB5D8D00C4183C /* ViewController.swift */,
				6C05AB1B23FB5D8D00C4183C /* Main.storyboard */,
				6C05AB1E23FB5D8F00C4183C /* Assets.xcassets */,
				6C05AB2023FB5D8F00C4183C /* LaunchScreen.storyboard */,
				6C05AB2323FB5D8F00C4183C /* Info.plist */,
			);
			path = ModernMusicDemo;
			sourceTree = "<group>";
		};
/* End PBXGroup section */

/* Begin PBXNativeTarget section */
		6C05AB1123FB5D8D00C4183C /* ModernMusicDemo */ = {
			isa = PBXNativeTarget;
			buildConfigurationList = 6C05AB2623FB5D8F00C4183C /* Build configuration list for PBXNativeTarget "ModernMusicDemo" */;
			buildPhases = (
				0CEE4D4136AE9AE515D702BE /* [CP] Check Pods Manifest.lock */,
				6C05AB0E23FB5D8D00C4183C /* Sources */,
				6C05AB0F23FB5D8D00C4183C /* Frameworks */,
				6C05AB1023FB5D8D00C4183C /* Resources */,
				D8B794F3753BB7768C5C124E /* [CP] Embed Pods Frameworks */,
			);
			buildRules = (
			);
			dependencies = (
			);
			name = ModernMusicDemo;
			productName = ModernMusicDemo;
			productReference = 6C05AB1223FB5D8D00C4183C /* ModernMusicDemo.app */;
			productType = "com.apple.product-type.application";
		};
/* End PBXNativeTarget section */

/* Begin PBXProject section */
		6C05AB0A23FB5D8D00C4183C /* Project object */ = {
			isa = PBXProject;
			attributes = {
				LastSwiftUpdateCheck = 1130;
				LastUpgradeCheck = 1130;
				ORGANIZATIONNAME = ModernMusicDemo;
				TargetAttributes = {
					6C05AB1123FB5D8D00C4183C = {
						CreatedOnToolsVersion = 11.3.1;
					};
				};
			};
			buildConfigurationList = 6C05AB0D23FB5D8D00C4183C /* Build configuration list for PBXProject "ModernMusicDemo" */;
			compatibilityVersion = "Xcode 9.3";
			developmentRegion = en;
			hasScannedForEncodings = 0;
			knownRegions = (
				en,
				Base,
			);
			mainGroup = 6C05AB0923FB5D8D00C4183C;
			productRefGroup = 6C05AB1323FB5D8D00C4183C /* Products */;
			projectDirPath = "";
			projectRoot = "";
			targets = (
				6C05AB1123FB5D8D00C4183C /* ModernMusicDemo */,
			);
		};
/* End PBXProject section */

/* Begin PBXResourcesBuildPhase section */
		6C05AB1023FB5D8D00C4183C /* Resources */ = {
			isa = PBXResourcesBuildPhase;
			buildActionMask = 2147483647;
			files = (
				6C05AB2223FB5D8F00C4183C /* LaunchScreen.storyboard in Resources */,
				6C05AB1F23FB5D8F00C4183C /* Assets.xcassets in Resources */,
				6C05AB1D23FB5D8D00C4183C /* Main.storyboard in Resources */,
			);
			runOnlyForDeploymentPostprocessing = 0;
		};
/* End PBXResourcesBuildPhase section */

/* Begin PBXShellScriptBuildPhase section */
		0CEE4D4136AE9AE515D702BE /* [CP] Check Pods Manifest.lock */ = {
			isa = PBXShellScriptBuildPhase;
			buildActionMask = 2147483647;
			files = (
			);
			inputFileListPaths = (
			);
			inputPaths = (
				"${PODS_PODFILE_DIR_PATH}/Podfile.lock",
				"${PODS_ROOT}/Manifest.lock",
			);
			name = "[CP] Check Pods Manifest.lock";
			outputFileListPaths = (
			);
			outputPaths = (
				"$(DERIVED_FILE_DIR)/Pods-ModernMusicDemo-checkManifestLockResult.txt",
			);
			runOnlyForDeploymentPostprocessing = 0;
			shellPath = /bin/sh;
			shellScript = "diff \"${PODS_PODFILE_DIR_PATH}/Podfile.lock\" \"${PODS_ROOT}/Manifest.lock\" > /dev/null\nif [ $? != 0 ] ; then\n    # print error to STDERR\n    echo \"error: The sandbox is not in sync with the Podfile.lock. Run 'pod install' or update your CocoaPods installation.\" >&2\n    exit 1\nfi\n# This output is used by Xcode 'outputs' to avoid re-running this script phase.\necho \"SUCCESS\" > \"${SCRIPT_OUTPUT_FILE_0}\"\n";
			showEnvVarsInLog = 0;
		};
		D8B794F3753BB7768C5C124E /* [CP] Embed Pods Frameworks */ = {
			isa = PBXShellScriptBuildPhase;
			buildActionMask = 2147483647;
			files = (
			);
			inputFileListPaths = (
				"${PODS_ROOT}/Target Support Files/Pods-ModernMusicDemo/Pods-ModernMusicDemo-frameworks-${CONFIGURATION}-input-files.xcfilelist",
			);
			name = "[CP] Embed Pods Frameworks";
			outputFileListPaths = (
				"${PODS_ROOT}/Target Support Files/Pods-ModernMusicDemo/Pods-ModernMusicDemo-frameworks-${CONFIGURATION}-output-files.xcfilelist",
			);
			runOnlyForDeploymentPostprocessing = 0;
			shellPath = /bin/sh;
			shellScript = "\"${PODS_ROOT}/Target Support Files/Pods-ModernMusicDemo/Pods-ModernMusicDemo-frameworks.sh\"\n";
			showEnvVarsInLog = 0;
		};
/* End PBXShellScriptBuildPhase section */

/* Begin PBXSourcesBuildPhase section */
		6C05AB0E23FB5D8D00C4183C /* Sources */ = {
			isa = PBXSourcesBuildPhase;
			buildActionMask = 2147483647;
			files = (
				6C05AB1A23FB5D8D00C4183C /* ViewController.swift in Sources */,
				6C05AB1623FB5D8D00C4183C /* AppDelegate.swift in Sources */,
				6C05AB1823FB5D8D00C4183C /* SceneDelegate.swift in Sources */,
			);
			runOnlyForDeploymentPostprocessing = 0;
		};
/* End PBXSourcesBuildPhase section */

/* Begin PBXVariantGroup section */
		6C05AB1B23FB5D8D00C4183C /* Main.storyboard */ = {
			isa = PBXVariantGroup;
			children = (
				6C05AB1C23FB5D8D00C4183C /* Base */,
			);
			name = Main.storyboard;
			sourceTree = "<group>";
		};
		6C05AB2023FB5D8F00C4183C /* LaunchScreen.storyboard */ = {
			isa = PBXVariantGroup;
			children = (
				6C05AB2123FB5D8F00C4183C /* Base */,
			);
			name = LaunchScreen.storyboard;
			sourceTree = "<group>";
		};
/* End PBXVariantGroup section */

/* Begin XCBuildConfiguration section */
		6C05AB2423FB5D8F00C4183C /* Debug */ = {
			isa = XCBuildConfiguration;
			buildSettings = {
				ALWAYS_SEARCH_USER_PATHS = NO;
				CLANG_ANALYZER_NONNULL = YES;
				CLANG_ANALYZER_NUMBER_OBJECT_CONVERSION = YES_AGGRESSIVE;
				CLANG_CXX_LANGUAGE_STANDARD = "gnu++14";
				CLANG_CXX_LIBRARY = "libc++";
				CLANG_ENABLE_MODULES = YES;
				CLANG_ENABLE_OBJC_ARC = YES;
				CLANG_ENABLE_OBJC_WEAK = YES;
				CLANG_WARN_BLOCK_CAPTURE_AUTORELEASING = YES;
				CLANG_WARN_BOOL_CONVERSION = YES;
				CLANG_WARN_COMMA = YES;
				CLANG_WARN_CONSTANT_CONVERSION = YES;
				CLANG_WARN_DEPRECATED_OBJC_IMPLEMENTATIONS = YES;
				CLANG_WARN_DIRECT_OBJC_ISA_USAGE = YES_ERROR;
				CLANG_WARN_DOCUMENTATION_COMMENTS = YES;
				CLANG_WARN_EMPTY_BODY = YES;
				CLANG_WARN_ENUM_CONVERSION = YES;
				CLANG_WARN_INFINITE_RECURSION = YES;
				CLANG_WARN_INT_CONVERSION = YES;
				CLANG_WARN_NON_LITERAL_NULL_CONVERSION = YES;
				CLANG_WARN_OBJC_IMPLICIT_RETAIN_SELF = YES;
				CLANG_WARN_OBJC_LITERAL_CONVERSION = YES;
				CLANG_WARN_OBJC_ROOT_CLASS = YES_ERROR;
				CLANG_WARN_RANGE_LOOP_ANALYSIS = YES;
				CLANG_WARN_STRICT_PROTOTYPES = YES;
				CLANG_WARN_SUSPICIOUS_MOVE = YES;
				CLANG_WARN_UNGUARDED_AVAILABILITY = YES_AGGRESSIVE;
				CLANG_WARN_UNREACHABLE_CODE = YES;
				CLANG_WARN__DUPLICATE_METHOD_MATCH = YES;
				COPY_PHASE_STRIP = NO;
				DEBUG_INFORMATION_FORMAT = dwarf;
				ENABLE_STRICT_OBJC_MSGSEND = YES;
				ENABLE_TESTABILITY = YES;
				GCC_C_LANGUAGE_STANDARD = gnu11;
				GCC_DYNAMIC_NO_PIC = NO;
				GCC_NO_COMMON_BLOCKS = YES;
				GCC_OPTIMIZATION_LEVEL = 0;
				GCC_PREPROCESSOR_DEFINITIONS = (
					"DEBUG=1",
					"$(inherited)",
				);
				GCC_WARN_64_TO_32_BIT_CONVERSION = YES;
				GCC_WARN_ABOUT_RETURN_TYPE = YES_ERROR;
				GCC_WARN_UNDECLARED_SELECTOR = YES;
				GCC_WARN_UNINITIALIZED_AUTOS = YES_AGGRESSIVE;
				GCC_WARN_UNUSED_FUNCTION = YES;
				GCC_WARN_UNUSED_VARIABLE = YES;
				IPHONEOS_DEPLOYMENT_TARGET = 13.2;
				MTL_ENABLE_DEBUG_INFO = INCLUDE_SOURCE;
				MTL_FAST_MATH = YES;
				ONLY_ACTIVE_ARCH = YES;
				SDKROOT = iphoneos;
				SWIFT_ACTIVE_COMPILATION_CONDITIONS = DEBUG;
				SWIFT_OPTIMIZATION_LEVEL = "-Onone";
			};
			name = Debug;
		};
		6C05AB2523FB5D8F00C4183C /* Release */ = {
			isa = XCBuildConfiguration;
			buildSettings = {
				ALWAYS_SEARCH_USER_PATHS = NO;
				CLANG_ANALYZER_NONNULL = YES;
				CLANG_ANALYZER_NUMBER_OBJECT_CONVERSION = YES_AGGRESSIVE;
				CLANG_CXX_LANGUAGE_STANDARD = "gnu++14";
				CLANG_CXX_LIBRARY = "libc++";
				CLANG_ENABLE_MODULES = YES;
				CLANG_ENABLE_OBJC_ARC = YES;
				CLANG_ENABLE_OBJC_WEAK = YES;
				CLANG_WARN_BLOCK_CAPTURE_AUTORELEASING = YES;
				CLANG_WARN_BOOL_CONVERSION = YES;
				CLANG_WARN_COMMA = YES;
				CLANG_WARN_CONSTANT_CONVERSION = YES;
				CLANG_WARN_DEPRECATED_OBJC_IMPLEMENTATIONS = YES;
				CLANG_WARN_DIRECT_OBJC_ISA_USAGE = YES_ERROR;
				CLANG_WARN_DOCUMENTATION_COMMENTS = YES;
				CLANG_WARN_EMPTY_BODY = YES;
				CLANG_WARN_ENUM_CONVERSION = YES;
				CLANG_WARN_INFINITE_RECURSION = YES;
				CLANG_WARN_INT_CONVERSION = YES;
				CLANG_WARN_NON_LITERAL_NULL_CONVERSION = YES;
				CLANG_WARN_OBJC_IMPLICIT_RETAIN_SELF = YES;
				CLANG_WARN_OBJC_LITERAL_CONVERSION = YES;
				CLANG_WARN_OBJC_ROOT_CLASS = YES_ERROR;
				CLANG_WARN_RANGE_LOOP_ANALYSIS = YES;
				CLANG_WARN_STRICT_PROTOTYPES = YES;
				CLANG_WARN_SUSPICIOUS_MOVE = YES;
				CLANG_WARN_UNGUARDED_AVAILABILITY = YES_AGGRESSIVE;
				CLANG_WARN_UNREACHABLE_CODE = YES;
				CLANG_WARN__DUPLICATE_METHOD_MATCH = YES;
				COPY_PHASE_STRIP = NO;
				DEBUG_INFORMATION_FORMAT = "dwarf-with-dsym";
				ENABLE_NS_ASSERTIONS = NO;
				ENABLE_STRICT_OBJC_MSGSEND = YES;
				GCC_C_LANGUAGE_STANDARD = gnu11;
				GCC_NO_COMMON_BLOCKS = YES;
				GCC_WARN_64_TO_32_BIT_CONVERSION = YES;
				GCC_WARN_ABOUT_RETURN_TYPE = YES_ERROR;
				GCC_WARN_UNDECLARED_SELECTOR = YES;
				GCC_WARN_UNINITIALIZED_AUTOS = YES_AGGRESSIVE;
				GCC_WARN_UNUSED_FUNCTION = YES;
				GCC_WARN_UNUSED_VARIABLE = YES;
				IPHONEOS_DEPLOYMENT_TARGET = 13.2;
				MTL_ENABLE_DEBUG_INFO = NO;
				MTL_FAST_MATH = YES;
				SDKROOT = iphoneos;
				SWIFT_COMPILATION_MODE = wholemodule;
				SWIFT_OPTIMIZATION_LEVEL = "-O";
				VALIDATE_PRODUCT = YES;
			};
			name = Release;
		};
		6C05AB2723FB5D8F00C4183C /* Debug */ = {
			isa = XCBuildConfiguration;
			baseConfigurationReference = 7ABE52C1E280EE4E6B62F363 /* Pods-ModernMusicDemo.debug.xcconfig */;
			buildSettings = {
				ASSETCATALOG_COMPILER_APPICON_NAME = AppIcon;
				CODE_SIGN_STYLE = Automatic;
				INFOPLIST_FILE = ModernMusicDemo/Info.plist;
				LD_RUNPATH_SEARCH_PATHS = (
					"$(inherited)",
					"@executable_path/Frameworks",
				);
				PRODUCT_BUNDLE_IDENTIFIER = com.mrmitsori.ModernMusicDemo;
				PRODUCT_NAME = "$(TARGET_NAME)";
				SWIFT_VERSION = 5.0;
				TARGETED_DEVICE_FAMILY = "1,2";
			};
			name = Debug;
		};
		6C05AB2823FB5D8F00C4183C /* Release */ = {
			isa = XCBuildConfiguration;
			baseConfigurationReference = 35D360A1D08F2D00A050BCC5 /* Pods-ModernMusicDemo.release.xcconfig */;
			buildSettings = {
				ASSETCATALOG_COMPILER_APPICON_NAME = AppIcon;
				CODE_SIGN_STYLE = Automatic;
				INFOPLIST_FILE = ModernMusicDemo/Info.plist;
				LD_RUNPATH_SEARCH_PATHS = (
					"$(inherited)",
					"@executable_path/Frameworks",
				);
				PRODUCT_BUNDLE_IDENTIFIER = com.mrmitsori.ModernMusicDemo;
				PRODUCT_NAME = "$(TARGET_NAME)";
				SWIFT_VERSION = 5.0;
				TARGETED_DEVICE_FAMILY = "1,2";
			};
			name = Release;
		};
/* End XCBuildConfiguration section */

/* Begin XCConfigurationList section */
		6C05AB0D23FB5D8D00C4183C /* Build configuration list for PBXProject "ModernMusicDemo" */ = {
			isa = XCConfigurationList;
			buildConfigurations = (
				6C05AB2423FB5D8F00C4183C /* Debug */,
				6C05AB2523FB5D8F00C4183C /* Release */,
			);
			defaultConfigurationIsVisible = 0;
			defaultConfigurationName = Release;
		};
		6C05AB2623FB5D8F00C4183C /* Build configuration list for PBXNativeTarget "ModernMusicDemo" */ = {
			isa = XCConfigurationList;
			buildConfigurations = (
				6C05AB2723FB5D8F00C4183C /* Debug */,
				6C05AB2823FB5D8F00C4183C /* Release */,
			);
			defaultConfigurationIsVisible = 0;
			defaultConfigurationName = Release;
		};
/* End XCConfigurationList section */
	};
	rootObject = 6C05AB0A23FB5D8D00C4183C /* Project object */;
}
